
Microsoft Visual Studio Solution File, Format Version 12.00
# Visual Studio Version 16
VisualStudioVersion = 16.0.31112.23
MinimumVisualStudioVersion = 10.0.40219.1
Project("{FAE04EC0-301F-11D3-BF4B-00C04F79EFBC}") = "Exercice", "Exercice.csproj", "{571456A0-9DB1-4273-88EC-6205F9D5D4A6}"
EndProject
Global
	GlobalSection(SolutionConfigurationPlatforms) = preSolution
		Debug|Any CPU = Debug|Any CPU
		Release|Any CPU = Release|Any CPU
	EndGlobalSection
	GlobalSection(ProjectConfigurationPlatforms) = postSolution
		{571456A0-9DB1-4273-88EC-6205F9D5D4A6}.Debug|Any CPU.ActiveCfg = Debug|Any CPU
		{571456A0-9DB1-4273-88EC-6205F9D5D4A6}.Debug|Any CPU.Build.0 = Debug|Any CPU
		{571456A0-9DB1-4273-88EC-6205F9D5D4A6}.Release|Any CPU.ActiveCfg = Release|Any CPU
		{571456A0-9DB1-4273-88EC-6205F9D5D4A6}.Release|Any CPU.Build.0 = Release|Any CPU
	EndGlobalSection
	GlobalSection(SolutionProperties) = preSolution
		HideSolutionNode = FALSE
	EndGlobalSection
	GlobalSection(ExtensibilityGlobals) = postSolution
		SolutionGuid = {E5060D51-A746-41D2-8089-C1D65BD3334D}
	EndGlobalSection
EndGlobal
